
Microsoft Visual Studio Solution File, Format Version 12.00
# Visual Studio 15
VisualStudioVersion = 15.0.26730.8
MinimumVisualStudioVersion = 10.0.40219.1
Project("{FAE04EC0-301F-11D3-BF4B-00C04F79EFBC}") = "SGBank.UI", "SGBank.UI\SGBank.UI.csproj", "{8CD35A66-E449-45BB-9CFC-25B4E33145BE}"
EndProject
Project("{FAE04EC0-301F-11D3-BF4B-00C04F79EFBC}") = "SGBank.Models", "SGBank.Models\SGBank.Models.csproj", "{4C13B264-AA8B-4A8B-9EC1-426D241C20F4}"
EndProject
Project("{FAE04EC0-301F-11D3-BF4B-00C04F79EFBC}") = "SGBank.BLL", "SGBank.BLL\SGBank.BLL.csproj", "{22B7B9D8-8CC2-4590-ACD9-C3AD7255240F}"
EndProject
Project("{FAE04EC0-301F-11D3-BF4B-00C04F79EFBC}") = "SGBank.Data", "SGBank.Data\SGBank.Data.csproj", "{2085ED88-87B7-425A-8D68-6583CC121266}"
EndProject
Project("{FAE04EC0-301F-11D3-BF4B-00C04F79EFBC}") = "SGBank.Tests", "SGBank.Tests\SGBank.Tests.csproj", "{34FAF7A6-B82C-4F55-BDFD-70811E5ED50C}"
EndProject
Global
	GlobalSection(SolutionConfigurationPlatforms) = preSolution
		Debug|Any CPU = Debug|Any CPU
		Release|Any CPU = Release|Any CPU
	EndGlobalSection
	GlobalSection(ProjectConfigurationPlatforms) = postSolution
		{8CD35A66-E449-45BB-9CFC-25B4E33145BE}.Debug|Any CPU.ActiveCfg = Debug|Any CPU
		{8CD35A66-E449-45BB-9CFC-25B4E33145BE}.Debug|Any CPU.Build.0 = Debug|Any CPU
		{8CD35A66-E449-45BB-9CFC-25B4E33145BE}.Release|Any CPU.ActiveCfg = Release|Any CPU
		{8CD35A66-E449-45BB-9CFC-25B4E33145BE}.Release|Any CPU.Build.0 = Release|Any CPU
		{4C13B264-AA8B-4A8B-9EC1-426D241C20F4}.Debug|Any CPU.ActiveCfg = Debug|Any CPU
		{4C13B264-AA8B-4A8B-9EC1-426D241C20F4}.Debug|Any CPU.Build.0 = Debug|Any CPU
		{4C13B264-AA8B-4A8B-9EC1-426D241C20F4}.Release|Any CPU.ActiveCfg = Release|Any CPU
		{4C13B264-AA8B-4A8B-9EC1-426D241C20F4}.Release|Any CPU.Build.0 = Release|Any CPU
		{22B7B9D8-8CC2-4590-ACD9-C3AD7255240F}.Debug|Any CPU.ActiveCfg = Debug|Any CPU
		{22B7B9D8-8CC2-4590-ACD9-C3AD7255240F}.Debug|Any CPU.Build.0 = Debug|Any CPU
		{22B7B9D8-8CC2-4590-ACD9-C3AD7255240F}.Release|Any CPU.ActiveCfg = Release|Any CPU
		{22B7B9D8-8CC2-4590-ACD9-C3AD7255240F}.Release|Any CPU.Build.0 = Release|Any CPU
		{2085ED88-87B7-425A-8D68-6583CC121266}.Debug|Any CPU.ActiveCfg = Debug|Any CPU
		{2085ED88-87B7-425A-8D68-6583CC121266}.Debug|Any CPU.Build.0 = Debug|Any CPU
		{2085ED88-87B7-425A-8D68-6583CC121266}.Release|Any CPU.ActiveCfg = Release|Any CPU
		{2085ED88-87B7-425A-8D68-6583CC121266}.Release|Any CPU.Build.0 = Release|Any CPU
		{34FAF7A6-B82C-4F55-BDFD-70811E5ED50C}.Debug|Any CPU.ActiveCfg = Debug|Any CPU
		{34FAF7A6-B82C-4F55-BDFD-70811E5ED50C}.Debug|Any CPU.Build.0 = Debug|Any CPU
		{34FAF7A6-B82C-4F55-BDFD-70811E5ED50C}.Release|Any CPU.ActiveCfg = Release|Any CPU
		{34FAF7A6-B82C-4F55-BDFD-70811E5ED50C}.Release|Any CPU.Build.0 = Release|Any CPU
	EndGlobalSection
	GlobalSection(SolutionProperties) = preSolution
		HideSolutionNode = FALSE
	EndGlobalSection
	GlobalSection(ExtensibilityGlobals) = postSolution
		SolutionGuid = {16B40A04-FBB3-4554-9BB2-2EB4848D175F}
	EndGlobalSection
EndGlobal
